// !$*UTF8*$!
{
	archiveVersion = 1;
	classes = {
	};
	objectVersion = 56;
	objects = {

/* Begin PBXBuildFile section */
		F9B046092C6B9341005629DE /* App819App.swift in Sources */ = {isa = PBXBuildFile; fileRef = F9B046082C6B9341005629DE /* App819App.swift */; };
		F9B0460B2C6B9341005629DE /* ContentView.swift in Sources */ = {isa = PBXBuildFile; fileRef = F9B0460A2C6B9341005629DE /* ContentView.swift */; };
		F9B0460D2C6B9343005629DE /* Assets.xcassets in Resources */ = {isa = PBXBuildFile; fileRef = F9B0460C2C6B9343005629DE /* Assets.xcassets */; };
		F9B046102C6B9343005629DE /* Preview Assets.xcassets in Resources */ = {isa = PBXBuildFile; fileRef = F9B0460F2C6B9343005629DE /* Preview Assets.xcassets */; };
		F9B046172C6B935A005629DE /* Launch Screen.storyboard in Resources */ = {isa = PBXBuildFile; fileRef = F9B046162C6B935A005629DE /* Launch Screen.storyboard */; };
		F9B0461A2C6B94A7005629DE /* Loadindf.swift in Sources */ = {isa = PBXBuildFile; fileRef = F9B046192C6B94A7005629DE /* Loadindf.swift */; };
		F9B0461F2C6B94B7005629DE /* Userojgdfoi_1.swift in Sources */ = {isa = PBXBuildFile; fileRef = F9B0461E2C6B94B7005629DE /* Userojgdfoi_1.swift */; };
		F9B046212C6B94BA005629DE /* Userojgdfoi_2.swift in Sources */ = {isa = PBXBuildFile; fileRef = F9B046202C6B94BA005629DE /* Userojgdfoi_2.swift */; };
		F9B046232C6B94BD005629DE /* Userojgdfoi_3.swift in Sources */ = {isa = PBXBuildFile; fileRef = F9B046222C6B94BD005629DE /* Userojgdfoi_3.swift */; };
		F9B046252C6B94C1005629DE /* Revicdgfodieh_1.swift in Sources */ = {isa = PBXBuildFile; fileRef = F9B046242C6B94C1005629DE /* Revicdgfodieh_1.swift */; };
		F9B046272C6B94C4005629DE /* Revicdgfodieh_2.swift in Sources */ = {isa = PBXBuildFile; fileRef = F9B046262C6B94C4005629DE /* Revicdgfodieh_2.swift */; };
		F9B0462C2C6B95C6005629DE /* jfgdso.swift in Sources */ = {isa = PBXBuildFile; fileRef = F9B0462B2C6B95C6005629DE /* jfgdso.swift */; };
		F9B0462E2C6B95CA005629DE /* iogjdsf.swift in Sources */ = {isa = PBXBuildFile; fileRef = F9B0462D2C6B95CA005629DE /* iogjdsf.swift */; };
		F9B046302C6B95CE005629DE /* fdasjfiads.swift in Sources */ = {isa = PBXBuildFile; fileRef = F9B0462F2C6B95CE005629DE /* fdasjfiads.swift */; };
/* End PBXBuildFile section */

/* Begin PBXFileReference section */
		F9B046052C6B9341005629DE /* App819.app */ = {isa = PBXFileReference; explicitFileType = wrapper.application; includeInIndex = 0; path = App819.app; sourceTree = BUILT_PRODUCTS_DIR; };
		F9B046082C6B9341005629DE /* App819App.swift */ = {isa = PBXFileReference; lastKnownFileType = sourcecode.swift; path = App819App.swift; sourceTree = "<group>"; };
		F9B0460A2C6B9341005629DE /* ContentView.swift */ = {isa = PBXFileReference; lastKnownFileType = sourcecode.swift; path = ContentView.swift; sourceTree = "<group>"; };
		F9B0460C2C6B9343005629DE /* Assets.xcassets */ = {isa = PBXFileReference; lastKnownFileType = folder.assetcatalog; path = Assets.xcassets; sourceTree = "<group>"; };
		F9B0460F2C6B9343005629DE /* Preview Assets.xcassets */ = {isa = PBXFileReference; lastKnownFileType = folder.assetcatalog; path = "Preview Assets.xcassets"; sourceTree = "<group>"; };
		F9B046162C6B935A005629DE /* Launch Screen.storyboard */ = {isa = PBXFileReference; lastKnownFileType = file.storyboard; path = "Launch Screen.storyboard"; sourceTree = "<group>"; };
		F9B046192C6B94A7005629DE /* Loadindf.swift */ = {isa = PBXFileReference; lastKnownFileType = sourcecode.swift; path = Loadindf.swift; sourceTree = "<group>"; };
		F9B0461E2C6B94B7005629DE /* Userojgdfoi_1.swift */ = {isa = PBXFileReference; lastKnownFileType = sourcecode.swift; path = Userojgdfoi_1.swift; sourceTree = "<group>"; };
		F9B046202C6B94BA005629DE /* Userojgdfoi_2.swift */ = {isa = PBXFileReference; lastKnownFileType = sourcecode.swift; path = Userojgdfoi_2.swift; sourceTree = "<group>"; };
		F9B046222C6B94BD005629DE /* Userojgdfoi_3.swift */ = {isa = PBXFileReference; lastKnownFileType = sourcecode.swift; path = Userojgdfoi_3.swift; sourceTree = "<group>"; };
		F9B046242C6B94C1005629DE /* Revicdgfodieh_1.swift */ = {isa = PBXFileReference; lastKnownFileType = sourcecode.swift; path = Revicdgfodieh_1.swift; sourceTree = "<group>"; };
		F9B046262C6B94C4005629DE /* Revicdgfodieh_2.swift */ = {isa = PBXFileReference; lastKnownFileType = sourcecode.swift; path = Revicdgfodieh_2.swift; sourceTree = "<group>"; };
		F9B0462B2C6B95C6005629DE /* jfgdso.swift */ = {isa = PBXFileReference; lastKnownFileType = sourcecode.swift; path = jfgdso.swift; sourceTree = "<group>"; };
		F9B0462D2C6B95CA005629DE /* iogjdsf.swift */ = {isa = PBXFileReference; lastKnownFileType = sourcecode.swift; path = iogjdsf.swift; sourceTree = "<group>"; };
		F9B0462F2C6B95CE005629DE /* fdasjfiads.swift */ = {isa = PBXFileReference; lastKnownFileType = sourcecode.swift; path = fdasjfiads.swift; sourceTree = "<group>"; };
/* End PBXFileReference section */

/* Begin PBXFrameworksBuildPhase section */
		F9B046022C6B9341005629DE /* Frameworks */ = {
			isa = PBXFrameworksBuildPhase;
			buildActionMask = 2147483647;
			files = (
			);
			runOnlyForDeploymentPostprocessing = 0;
		};
/* End PBXFrameworksBuildPhase section */

/* Begin PBXGroup section */
		F9B045FC2C6B9341005629DE = {
			isa = PBXGroup;
			children = (
				F9B046072C6B9341005629DE /* App819 */,
				F9B046062C6B9341005629DE /* Products */,
			);
			sourceTree = "<group>";
		};
		F9B046062C6B9341005629DE /* Products */ = {
			isa = PBXGroup;
			children = (
				F9B046052C6B9341005629DE /* App819.app */,
			);
			name = Products;
			sourceTree = "<group>";
		};
		F9B046072C6B9341005629DE /* App819 */ = {
			isa = PBXGroup;
			children = (
				F9B046082C6B9341005629DE /* App819App.swift */,
				F9B0460A2C6B9341005629DE /* ContentView.swift */,
				F9B046182C6B94A1005629DE /* Fdsojdf */,
				F9B046162C6B935A005629DE /* Launch Screen.storyboard */,
				F9B0460C2C6B9343005629DE /* Assets.xcassets */,
				F9B0460E2C6B9343005629DE /* Preview Content */,
			);
			path = App819;
			sourceTree = "<group>";
		};
		F9B0460E2C6B9343005629DE /* Preview Content */ = {
			isa = PBXGroup;
			children = (
				F9B0460F2C6B9343005629DE /* Preview Assets.xcassets */,
			);
			path = "Preview Content";
			sourceTree = "<group>";
		};
		F9B046182C6B94A1005629DE /* Fdsojdf */ = {
			isa = PBXGroup;
			children = (
				F9B0462A2C6B95C1005629DE /* Exfsdfdsk */,
				F9B046192C6B94A7005629DE /* Loadindf.swift */,
				F9B0461B2C6B94A9005629DE /* Splasghoifh */,
			);
			path = Fdsojdf;
			sourceTree = "<group>";
		};
		F9B0461B2C6B94A9005629DE /* Splasghoifh */ = {
			isa = PBXGroup;
			children = (
				F9B0461D2C6B94B2005629DE /* Userojgdfoi */,
				F9B0461C2C6B94AD005629DE /* Revicdgfodieh */,
			);
			path = Splasghoifh;
			sourceTree = "<group>";
		};
		F9B0461C2C6B94AD005629DE /* Revicdgfodieh */ = {
			isa = PBXGroup;
			children = (
				F9B046242C6B94C1005629DE /* Revicdgfodieh_1.swift */,
				F9B046262C6B94C4005629DE /* Revicdgfodieh_2.swift */,
			);
			path = Revicdgfodieh;
			sourceTree = "<group>";
		};
		F9B0461D2C6B94B2005629DE /* Userojgdfoi */ = {
			isa = PBXGroup;
			children = (
				F9B0461E2C6B94B7005629DE /* Userojgdfoi_1.swift */,
				F9B046202C6B94BA005629DE /* Userojgdfoi_2.swift */,
				F9B046222C6B94BD005629DE /* Userojgdfoi_3.swift */,
			);
			path = Userojgdfoi;
			sourceTree = "<group>";
		};
		F9B0462A2C6B95C1005629DE /* Exfsdfdsk */ = {
			isa = PBXGroup;
			children = (
				F9B0462B2C6B95C6005629DE /* jfgdso.swift */,
				F9B0462D2C6B95CA005629DE /* iogjdsf.swift */,
				F9B0462F2C6B95CE005629DE /* fdasjfiads.swift */,
			);
			path = Exfsdfdsk;
			sourceTree = "<group>";
		};
/* End PBXGroup section */

/* Begin PBXNativeTarget section */
		F9B046042C6B9341005629DE /* App819 */ = {
			isa = PBXNativeTarget;
			buildConfigurationList = F9B046132C6B9343005629DE /* Build configuration list for PBXNativeTarget "App819" */;
			buildPhases = (
				F9B046012C6B9341005629DE /* Sources */,
				F9B046022C6B9341005629DE /* Frameworks */,
				F9B046032C6B9341005629DE /* Resources */,
			);
			buildRules = (
			);
			dependencies = (
			);
			name = App819;
			productName = App819;
			productReference = F9B046052C6B9341005629DE /* App819.app */;
			productType = "com.apple.product-type.application";
		};
/* End PBXNativeTarget section */

/* Begin PBXProject section */
		F9B045FD2C6B9341005629DE /* Project object */ = {
			isa = PBXProject;
			attributes = {
				BuildIndependentTargetsInParallel = 1;
				LastSwiftUpdateCheck = 1540;
				LastUpgradeCheck = 1540;
				TargetAttributes = {
					F9B046042C6B9341005629DE = {
						CreatedOnToolsVersion = 15.4;
					};
				};
			};
			buildConfigurationList = F9B046002C6B9341005629DE /* Build configuration list for PBXProject "App819" */;
			compatibilityVersion = "Xcode 14.0";
			developmentRegion = en;
			hasScannedForEncodings = 0;
			knownRegions = (
				en,
				Base,
			);
			mainGroup = F9B045FC2C6B9341005629DE;
			productRefGroup = F9B046062C6B9341005629DE /* Products */;
			projectDirPath = "";
			projectRoot = "";
			targets = (
				F9B046042C6B9341005629DE /* App819 */,
			);
		};
/* End PBXProject section */

/* Begin PBXResourcesBuildPhase section */
		F9B046032C6B9341005629DE /* Resources */ = {
			isa = PBXResourcesBuildPhase;
			buildActionMask = 2147483647;
			files = (
				F9B046172C6B935A005629DE /* Launch Screen.storyboard in Resources */,
				F9B046102C6B9343005629DE /* Preview Assets.xcassets in Resources */,
				F9B0460D2C6B9343005629DE /* Assets.xcassets in Resources */,
			);
			runOnlyForDeploymentPostprocessing = 0;
		};
/* End PBXResourcesBuildPhase section */

/* Begin PBXSourcesBuildPhase section */
		F9B046012C6B9341005629DE /* Sources */ = {
			isa = PBXSourcesBuildPhase;
			buildActionMask = 2147483647;
			files = (
				F9B0460B2C6B9341005629DE /* ContentView.swift in Sources */,
				F9B046212C6B94BA005629DE /* Userojgdfoi_2.swift in Sources */,
				F9B0461A2C6B94A7005629DE /* Loadindf.swift in Sources */,
				F9B046092C6B9341005629DE /* App819App.swift in Sources */,
				F9B046302C6B95CE005629DE /* fdasjfiads.swift in Sources */,
				F9B0462E2C6B95CA005629DE /* iogjdsf.swift in Sources */,
				F9B0462C2C6B95C6005629DE /* jfgdso.swift in Sources */,
				F9B046272C6B94C4005629DE /* Revicdgfodieh_2.swift in Sources */,
				F9B046252C6B94C1005629DE /* Revicdgfodieh_1.swift in Sources */,
				F9B0461F2C6B94B7005629DE /* Userojgdfoi_1.swift in Sources */,
				F9B046232C6B94BD005629DE /* Userojgdfoi_3.swift in Sources */,
			);
			runOnlyForDeploymentPostprocessing = 0;
		};
/* End PBXSourcesBuildPhase section */

/* Begin XCBuildConfiguration section */
		F9B046112C6B9343005629DE /* Debug */ = {
			isa = XCBuildConfiguration;
			buildSettings = {
				ALWAYS_SEARCH_USER_PATHS = NO;
				ASSETCATALOG_COMPILER_GENERATE_SWIFT_ASSET_SYMBOL_EXTENSIONS = YES;
				CLANG_ANALYZER_NONNULL = YES;
				CLANG_ANALYZER_NUMBER_OBJECT_CONVERSION = YES_AGGRESSIVE;
				CLANG_CXX_LANGUAGE_STANDARD = "gnu++20";
				CLANG_ENABLE_MODULES = YES;
				CLANG_ENABLE_OBJC_ARC = YES;
				CLANG_ENABLE_OBJC_WEAK = YES;
				CLANG_WARN_BLOCK_CAPTURE_AUTORELEASING = YES;
				CLANG_WARN_BOOL_CONVERSION = YES;
				CLANG_WARN_COMMA = YES;
				CLANG_WARN_CONSTANT_CONVERSION = YES;
				CLANG_WARN_DEPRECATED_OBJC_IMPLEMENTATIONS = YES;
				CLANG_WARN_DIRECT_OBJC_ISA_USAGE = YES_ERROR;
				CLANG_WARN_DOCUMENTATION_COMMENTS = YES;
				CLANG_WARN_EMPTY_BODY = YES;
				CLANG_WARN_ENUM_CONVERSION = YES;
				CLANG_WARN_INFINITE_RECURSION = YES;
				CLANG_WARN_INT_CONVERSION = YES;
				CLANG_WARN_NON_LITERAL_NULL_CONVERSION = YES;
				CLANG_WARN_OBJC_IMPLICIT_RETAIN_SELF = YES;
				CLANG_WARN_OBJC_LITERAL_CONVERSION = YES;
				CLANG_WARN_OBJC_ROOT_CLASS = YES_ERROR;
				CLANG_WARN_QUOTED_INCLUDE_IN_FRAMEWORK_HEADER = YES;
				CLANG_WARN_RANGE_LOOP_ANALYSIS = YES;
				CLANG_WARN_STRICT_PROTOTYPES = YES;
				CLANG_WARN_SUSPICIOUS_MOVE = YES;
				CLANG_WARN_UNGUARDED_AVAILABILITY = YES_AGGRESSIVE;
				CLANG_WARN_UNREACHABLE_CODE = YES;
				CLANG_WARN__DUPLICATE_METHOD_MATCH = YES;
				COPY_PHASE_STRIP = NO;
				DEBUG_INFORMATION_FORMAT = dwarf;
				ENABLE_STRICT_OBJC_MSGSEND = YES;
				ENABLE_TESTABILITY = YES;
				ENABLE_USER_SCRIPT_SANDBOXING = YES;
				GCC_C_LANGUAGE_STANDARD = gnu17;
				GCC_DYNAMIC_NO_PIC = NO;
				GCC_NO_COMMON_BLOCKS = YES;
				GCC_OPTIMIZATION_LEVEL = 0;
				GCC_PREPROCESSOR_DEFINITIONS = (
					"DEBUG=1",
					"$(inherited)",
				);
				GCC_WARN_64_TO_32_BIT_CONVERSION = YES;
				GCC_WARN_ABOUT_RETURN_TYPE = YES_ERROR;
				GCC_WARN_UNDECLARED_SELECTOR = YES;
				GCC_WARN_UNINITIALIZED_AUTOS = YES_AGGRESSIVE;
				GCC_WARN_UNUSED_FUNCTION = YES;
				GCC_WARN_UNUSED_VARIABLE = YES;
				IPHONEOS_DEPLOYMENT_TARGET = 14.0;
				LOCALIZATION_PREFERS_STRING_CATALOGS = YES;
				MTL_ENABLE_DEBUG_INFO = INCLUDE_SOURCE;
				MTL_FAST_MATH = YES;
				ONLY_ACTIVE_ARCH = YES;
				SDKROOT = iphoneos;
				SWIFT_ACTIVE_COMPILATION_CONDITIONS = "DEBUG $(inherited)";
				SWIFT_OPTIMIZATION_LEVEL = "-Onone";
			};
			name = Debug;
		};
		F9B046122C6B9343005629DE /* Release */ = {
			isa = XCBuildConfiguration;
			buildSettings = {
				ALWAYS_SEARCH_USER_PATHS = NO;
				ASSETCATALOG_COMPILER_GENERATE_SWIFT_ASSET_SYMBOL_EXTENSIONS = YES;
				CLANG_ANALYZER_NONNULL = YES;
				CLANG_ANALYZER_NUMBER_OBJECT_CONVERSION = YES_AGGRESSIVE;
				CLANG_CXX_LANGUAGE_STANDARD = "gnu++20";
				CLANG_ENABLE_MODULES = YES;
				CLANG_ENABLE_OBJC_ARC = YES;
				CLANG_ENABLE_OBJC_WEAK = YES;
				CLANG_WARN_BLOCK_CAPTURE_AUTORELEASING = YES;
				CLANG_WARN_BOOL_CONVERSION = YES;
				CLANG_WARN_COMMA = YES;
				CLANG_WARN_CONSTANT_CONVERSION = YES;
				CLANG_WARN_DEPRECATED_OBJC_IMPLEMENTATIONS = YES;
				CLANG_WARN_DIRECT_OBJC_ISA_USAGE = YES_ERROR;
				CLANG_WARN_DOCUMENTATION_COMMENTS = YES;
				CLANG_WARN_EMPTY_BODY = YES;
				CLANG_WARN_ENUM_CONVERSION = YES;
				CLANG_WARN_INFINITE_RECURSION = YES;
				CLANG_WARN_INT_CONVERSION = YES;
				CLANG_WARN_NON_LITERAL_NULL_CONVERSION = YES;
				CLANG_WARN_OBJC_IMPLICIT_RETAIN_SELF = YES;
				CLANG_WARN_OBJC_LITERAL_CONVERSION = YES;
				CLANG_WARN_OBJC_ROOT_CLASS = YES_ERROR;
				CLANG_WARN_QUOTED_INCLUDE_IN_FRAMEWORK_HEADER = YES;
				CLANG_WARN_RANGE_LOOP_ANALYSIS = YES;
				CLANG_WARN_STRICT_PROTOTYPES = YES;
				CLANG_WARN_SUSPICIOUS_MOVE = YES;
				CLANG_WARN_UNGUARDED_AVAILABILITY = YES_AGGRESSIVE;
				CLANG_WARN_UNREACHABLE_CODE = YES;
				CLANG_WARN__DUPLICATE_METHOD_MATCH = YES;
				COPY_PHASE_STRIP = NO;
				DEBUG_INFORMATION_FORMAT = "dwarf-with-dsym";
				ENABLE_NS_ASSERTIONS = NO;
				ENABLE_STRICT_OBJC_MSGSEND = YES;
				ENABLE_USER_SCRIPT_SANDBOXING = YES;
				GCC_C_LANGUAGE_STANDARD = gnu17;
				GCC_NO_COMMON_BLOCKS = YES;
				GCC_WARN_64_TO_32_BIT_CONVERSION = YES;
				GCC_WARN_ABOUT_RETURN_TYPE = YES_ERROR;
				GCC_WARN_UNDECLARED_SELECTOR = YES;
				GCC_WARN_UNINITIALIZED_AUTOS = YES_AGGRESSIVE;
				GCC_WARN_UNUSED_FUNCTION = YES;
				GCC_WARN_UNUSED_VARIABLE = YES;
				IPHONEOS_DEPLOYMENT_TARGET = 14.0;
				LOCALIZATION_PREFERS_STRING_CATALOGS = YES;
				MTL_ENABLE_DEBUG_INFO = NO;
				MTL_FAST_MATH = YES;
				SDKROOT = iphoneos;
				SWIFT_COMPILATION_MODE = wholemodule;
				VALIDATE_PRODUCT = YES;
			};
			name = Release;
		};
		F9B046142C6B9343005629DE /* Debug */ = {
			isa = XCBuildConfiguration;
			buildSettings = {
				ASSETCATALOG_COMPILER_APPICON_NAME = AppIcon;
				ASSETCATALOG_COMPILER_GLOBAL_ACCENT_COLOR_NAME = AccentColor;
				CODE_SIGN_STYLE = Automatic;
				CURRENT_PROJECT_VERSION = 1;
				DEVELOPMENT_ASSET_PATHS = "\"App819/Preview Content\"";
				ENABLE_PREVIEWS = YES;
				GENERATE_INFOPLIST_FILE = YES;
				INFOPLIST_KEY_CFBundleDisplayName = "Every Win Hand";
				INFOPLIST_KEY_UIApplicationSceneManifest_Generation = YES;
				INFOPLIST_KEY_UIApplicationSupportsIndirectInputEvents = YES;
				INFOPLIST_KEY_UILaunchScreen_Generation = YES;
				INFOPLIST_KEY_UILaunchStoryboardName = "Launch Screen.storyboard";
				INFOPLIST_KEY_UISupportedInterfaceOrientations = UIInterfaceOrientationPortrait;
				INFOPLIST_KEY_UISupportedInterfaceOrientations_iPad = "UIInterfaceOrientationLandscapeLeft UIInterfaceOrientationLandscapeRight UIInterfaceOrientationPortrait UIInterfaceOrientationPortraitUpsideDown";
				LD_RUNPATH_SEARCH_PATHS = (
					"$(inherited)",
					"@executable_path/Frameworks",
				);
				MARKETING_VERSION = 1.0;
				PRODUCT_BUNDLE_IDENTIFIER = app.App819;
				PRODUCT_NAME = "$(TARGET_NAME)";
				SUPPORTED_PLATFORMS = "iphoneos iphonesimulator";
				SUPPORTS_MACCATALYST = NO;
				SUPPORTS_MAC_DESIGNED_FOR_IPHONE_IPAD = NO;
				SUPPORTS_XR_DESIGNED_FOR_IPHONE_IPAD = NO;
				SWIFT_EMIT_LOC_STRINGS = YES;
				SWIFT_VERSION = 5.0;
				TARGETED_DEVICE_FAMILY = 1;
			};
			name = Debug;
		};
		F9B046152C6B9343005629DE /* Release */ = {
			isa = XCBuildConfiguration;
			buildSettings = {
				ASSETCATALOG_COMPILER_APPICON_NAME = AppIcon;
				ASSETCATALOG_COMPILER_GLOBAL_ACCENT_COLOR_NAME = AccentColor;
				CODE_SIGN_STYLE = Automatic;
				CURRENT_PROJECT_VERSION = 1;
				DEVELOPMENT_ASSET_PATHS = "\"App819/Preview Content\"";
				ENABLE_PREVIEWS = YES;
				GENERATE_INFOPLIST_FILE = YES;
				INFOPLIST_KEY_CFBundleDisplayName = "Every Win Hand";
				INFOPLIST_KEY_UIApplicationSceneManifest_Generation = YES;
				INFOPLIST_KEY_UIApplicationSupportsIndirectInputEvents = YES;
				INFOPLIST_KEY_UILaunchScreen_Generation = YES;
				INFOPLIST_KEY_UILaunchStoryboardName = "Launch Screen.storyboard";
				INFOPLIST_KEY_UISupportedInterfaceOrientations = UIInterfaceOrientationPortrait;
				INFOPLIST_KEY_UISupportedInterfaceOrientations_iPad = "UIInterfaceOrientationLandscapeLeft UIInterfaceOrientationLandscapeRight UIInterfaceOrientationPortrait UIInterfaceOrientationPortraitUpsideDown";
				LD_RUNPATH_SEARCH_PATHS = (
					"$(inherited)",
					"@executable_path/Frameworks",
				);
				MARKETING_VERSION = 1.0;
				PRODUCT_BUNDLE_IDENTIFIER = app.App819;
				PRODUCT_NAME = "$(TARGET_NAME)";
				SUPPORTED_PLATFORMS = "iphoneos iphonesimulator";
				SUPPORTS_MACCATALYST = NO;
				SUPPORTS_MAC_DESIGNED_FOR_IPHONE_IPAD = NO;
				SUPPORTS_XR_DESIGNED_FOR_IPHONE_IPAD = NO;
				SWIFT_EMIT_LOC_STRINGS = YES;
				SWIFT_VERSION = 5.0;
				TARGETED_DEVICE_FAMILY = 1;
			};
			name = Release;
		};
/* End XCBuildConfiguration section */

/* Begin XCConfigurationList section */
		F9B046002C6B9341005629DE /* Build configuration list for PBXProject "App819" */ = {
			isa = XCConfigurationList;
			buildConfigurations = (
				F9B046112C6B9343005629DE /* Debug */,
				F9B046122C6B9343005629DE /* Release */,
			);
			defaultConfigurationIsVisible = 0;
			defaultConfigurationName = Release;
		};
		F9B046132C6B9343005629DE /* Build configuration list for PBXNativeTarget "App819" */ = {
			isa = XCConfigurationList;
			buildConfigurations = (
				F9B046142C6B9343005629DE /* Debug */,
				F9B046152C6B9343005629DE /* Release */,
			);
			defaultConfigurationIsVisible = 0;
			defaultConfigurationName = Release;
		};
/* End XCConfigurationList section */
	};
	rootObject = F9B045FD2C6B9341005629DE /* Project object */;
}
